// !$*UTF8*$!
{
	archiveVersion = 1;
	classes = {
	};
	objectVersion = 56;
	objects = {

/* Begin PBXBuildFile section */
		94098E72293E1411006B56F1 /* headerView.swift in Sources */ = {isa = PBXBuildFile; fileRef = 94098E71293E1411006B56F1 /* headerView.swift */; };
		94098E74293E149F006B56F1 /* sectionOptionsView.swift in Sources */ = {isa = PBXBuildFile; fileRef = 94098E73293E149F006B56F1 /* sectionOptionsView.swift */; };
		942B90D52934C76700C5F75F /* PrimaryButton.swift in Sources */ = {isa = PBXBuildFile; fileRef = 942B90D42934C76700C5F75F /* PrimaryButton.swift */; };
		942B90D92934D23A00C5F75F /* Extensions.swift in Sources */ = {isa = PBXBuildFile; fileRef = 942B90D82934D23A00C5F75F /* Extensions.swift */; };
		942B90DB2934D2E200C5F75F /* QuestionView.swift in Sources */ = {isa = PBXBuildFile; fileRef = 942B90DA2934D2E200C5F75F /* QuestionView.swift */; };
		942B90DD2934D36800C5F75F /* ProgressBar.swift in Sources */ = {isa = PBXBuildFile; fileRef = 942B90DC2934D36800C5F75F /* ProgressBar.swift */; };
		942B90DF2934D50900C5F75F /* Answer.swift in Sources */ = {isa = PBXBuildFile; fileRef = 942B90DE2934D50900C5F75F /* Answer.swift */; };
		942B90E12934D78300C5F75F /* AnswerRow.swift in Sources */ = {isa = PBXBuildFile; fileRef = 942B90E02934D78300C5F75F /* AnswerRow.swift */; };
		942B90E32934E3E400C5F75F /* TriviaView.swift in Sources */ = {isa = PBXBuildFile; fileRef = 942B90E22934E3E400C5F75F /* TriviaView.swift */; };
		942B90E52934E51400C5F75F /* Quiz.swift in Sources */ = {isa = PBXBuildFile; fileRef = 942B90E42934E51400C5F75F /* Quiz.swift */; };
		942B90E72934E8CD00C5F75F /* QuizManager.swift in Sources */ = {isa = PBXBuildFile; fileRef = 942B90E62934E8CD00C5F75F /* QuizManager.swift */; };
		943592C9293684A7009AF4C9 /* GameSelectView.swift in Sources */ = {isa = PBXBuildFile; fileRef = 943592C8293684A7009AF4C9 /* GameSelectView.swift */; };
		9442177229409604004AD55B /* TimerView.swift in Sources */ = {isa = PBXBuildFile; fileRef = 9442177129409604004AD55B /* TimerView.swift */; };
		945D3F14293F9923004C0CEB /* scoreView.swift in Sources */ = {isa = PBXBuildFile; fileRef = 945D3F13293F9923004C0CEB /* scoreView.swift */; };
		945D3F35293FA473004C0CEB /* QuizManagerTests.swift in Sources */ = {isa = PBXBuildFile; fileRef = 945D3F34293FA473004C0CEB /* QuizManagerTests.swift */; };
		94D17931293F626300D0730A /* ScoreShape.swift in Sources */ = {isa = PBXBuildFile; fileRef = 94D17930293F626300D0730A /* ScoreShape.swift */; };
		94EFA266293A561A001D10AA /* categoryView.swift in Sources */ = {isa = PBXBuildFile; fileRef = 94EFA265293A561A001D10AA /* categoryView.swift */; };
		94EFA268293A5D97001D10AA /* difficultyView.swift in Sources */ = {isa = PBXBuildFile; fileRef = 94EFA267293A5D97001D10AA /* difficultyView.swift */; };
		94EFA26A293A5FF5001D10AA /* numberOfQuestionsView.swift in Sources */ = {isa = PBXBuildFile; fileRef = 94EFA269293A5FF5001D10AA /* numberOfQuestionsView.swift */; };
		F866D10A29291F7F005299F1 /* QuiftApp.swift in Sources */ = {isa = PBXBuildFile; fileRef = F866D10929291F7F005299F1 /* QuiftApp.swift */; };
		F866D10C29291F7F005299F1 /* ContentView.swift in Sources */ = {isa = PBXBuildFile; fileRef = F866D10B29291F7F005299F1 /* ContentView.swift */; };
		F866D10E29291F80005299F1 /* Assets.xcassets in Resources */ = {isa = PBXBuildFile; fileRef = F866D10D29291F80005299F1 /* Assets.xcassets */; };
		F866D11129291F80005299F1 /* Preview Assets.xcassets in Resources */ = {isa = PBXBuildFile; fileRef = F866D11029291F80005299F1 /* Preview Assets.xcassets */; };
		F866D11E29293AAC005299F1 /* QuestionData.swift in Sources */ = {isa = PBXBuildFile; fileRef = F866D11D29293AAC005299F1 /* QuestionData.swift */; };
/* End PBXBuildFile section */

/* Begin PBXContainerItemProxy section */
		945D3F1E293F9D83004C0CEB /* PBXContainerItemProxy */ = {
			isa = PBXContainerItemProxy;
			containerPortal = F866D0FE29291F7F005299F1 /* Project object */;
			proxyType = 1;
			remoteGlobalIDString = F866D10529291F7F005299F1;
			remoteInfo = Quift;
		};
		945D3F2D293F9D99004C0CEB /* PBXContainerItemProxy */ = {
			isa = PBXContainerItemProxy;
			containerPortal = F866D0FE29291F7F005299F1 /* Project object */;
			proxyType = 1;
			remoteGlobalIDString = F866D10529291F7F005299F1;
			remoteInfo = Quift;
		};
/* End PBXContainerItemProxy section */

/* Begin PBXFileReference section */
		94098E71293E1411006B56F1 /* headerView.swift */ = {isa = PBXFileReference; lastKnownFileType = sourcecode.swift; path = headerView.swift; sourceTree = "<group>"; };
		94098E73293E149F006B56F1 /* sectionOptionsView.swift */ = {isa = PBXFileReference; lastKnownFileType = sourcecode.swift; path = sectionOptionsView.swift; sourceTree = "<group>"; };
		942B90D42934C76700C5F75F /* PrimaryButton.swift */ = {isa = PBXFileReference; lastKnownFileType = sourcecode.swift; path = PrimaryButton.swift; sourceTree = "<group>"; };
		942B90D82934D23A00C5F75F /* Extensions.swift */ = {isa = PBXFileReference; lastKnownFileType = sourcecode.swift; path = Extensions.swift; sourceTree = "<group>"; };
		942B90DA2934D2E200C5F75F /* QuestionView.swift */ = {isa = PBXFileReference; lastKnownFileType = sourcecode.swift; path = QuestionView.swift; sourceTree = "<group>"; };
		942B90DC2934D36800C5F75F /* ProgressBar.swift */ = {isa = PBXFileReference; lastKnownFileType = sourcecode.swift; path = ProgressBar.swift; sourceTree = "<group>"; };
		942B90DE2934D50900C5F75F /* Answer.swift */ = {isa = PBXFileReference; lastKnownFileType = sourcecode.swift; path = Answer.swift; sourceTree = "<group>"; };
		942B90E02934D78300C5F75F /* AnswerRow.swift */ = {isa = PBXFileReference; lastKnownFileType = sourcecode.swift; path = AnswerRow.swift; sourceTree = "<group>"; };
		942B90E22934E3E400C5F75F /* TriviaView.swift */ = {isa = PBXFileReference; lastKnownFileType = sourcecode.swift; path = TriviaView.swift; sourceTree = "<group>"; };
		942B90E42934E51400C5F75F /* Quiz.swift */ = {isa = PBXFileReference; lastKnownFileType = sourcecode.swift; path = Quiz.swift; sourceTree = "<group>"; };
		942B90E62934E8CD00C5F75F /* QuizManager.swift */ = {isa = PBXFileReference; lastKnownFileType = sourcecode.swift; path = QuizManager.swift; sourceTree = "<group>"; };
		943592C8293684A7009AF4C9 /* GameSelectView.swift */ = {isa = PBXFileReference; lastKnownFileType = sourcecode.swift; path = GameSelectView.swift; sourceTree = "<group>"; };
		9442177129409604004AD55B /* TimerView.swift */ = {isa = PBXFileReference; lastKnownFileType = sourcecode.swift; path = TimerView.swift; sourceTree = "<group>"; };
		945D3F13293F9923004C0CEB /* scoreView.swift */ = {isa = PBXFileReference; lastKnownFileType = sourcecode.swift; path = scoreView.swift; sourceTree = "<group>"; };
		945D3F1A293F9D83004C0CEB /* QuiftTests.xctest */ = {isa = PBXFileReference; explicitFileType = wrapper.cfbundle; includeInIndex = 0; path = QuiftTests.xctest; sourceTree = BUILT_PRODUCTS_DIR; };
		945D3F27293F9D99004C0CEB /* QuiftUITests.xctest */ = {isa = PBXFileReference; explicitFileType = wrapper.cfbundle; includeInIndex = 0; path = QuiftUITests.xctest; sourceTree = BUILT_PRODUCTS_DIR; };
		945D3F34293FA473004C0CEB /* QuizManagerTests.swift */ = {isa = PBXFileReference; lastKnownFileType = sourcecode.swift; path = QuizManagerTests.swift; sourceTree = "<group>"; };
		94D17930293F626300D0730A /* ScoreShape.swift */ = {isa = PBXFileReference; lastKnownFileType = sourcecode.swift; path = ScoreShape.swift; sourceTree = "<group>"; };
		94EFA265293A561A001D10AA /* categoryView.swift */ = {isa = PBXFileReference; lastKnownFileType = sourcecode.swift; path = categoryView.swift; sourceTree = "<group>"; };
		94EFA267293A5D97001D10AA /* difficultyView.swift */ = {isa = PBXFileReference; lastKnownFileType = sourcecode.swift; path = difficultyView.swift; sourceTree = "<group>"; };
		94EFA269293A5FF5001D10AA /* numberOfQuestionsView.swift */ = {isa = PBXFileReference; lastKnownFileType = sourcecode.swift; path = numberOfQuestionsView.swift; sourceTree = "<group>"; };
		F866D10629291F7F005299F1 /* Quift.app */ = {isa = PBXFileReference; explicitFileType = wrapper.application; includeInIndex = 0; path = Quift.app; sourceTree = BUILT_PRODUCTS_DIR; };
		F866D10929291F7F005299F1 /* QuiftApp.swift */ = {isa = PBXFileReference; lastKnownFileType = sourcecode.swift; path = QuiftApp.swift; sourceTree = "<group>"; };
		F866D10B29291F7F005299F1 /* ContentView.swift */ = {isa = PBXFileReference; lastKnownFileType = sourcecode.swift; path = ContentView.swift; sourceTree = "<group>"; };
		F866D10D29291F80005299F1 /* Assets.xcassets */ = {isa = PBXFileReference; lastKnownFileType = folder.assetcatalog; path = Assets.xcassets; sourceTree = "<group>"; };
		F866D11029291F80005299F1 /* Preview Assets.xcassets */ = {isa = PBXFileReference; lastKnownFileType = folder.assetcatalog; path = "Preview Assets.xcassets"; sourceTree = "<group>"; };
		F866D11D29293AAC005299F1 /* QuestionData.swift */ = {isa = PBXFileReference; lastKnownFileType = sourcecode.swift; path = QuestionData.swift; sourceTree = "<group>"; };
/* End PBXFileReference section */

/* Begin PBXFrameworksBuildPhase section */
		945D3F17293F9D83004C0CEB /* Frameworks */ = {
			isa = PBXFrameworksBuildPhase;
			buildActionMask = 2147483647;
			files = (
			);
			runOnlyForDeploymentPostprocessing = 0;
		};
		945D3F24293F9D99004C0CEB /* Frameworks */ = {
			isa = PBXFrameworksBuildPhase;
			buildActionMask = 2147483647;
			files = (
			);
			runOnlyForDeploymentPostprocessing = 0;
		};
		F866D10329291F7F005299F1 /* Frameworks */ = {
			isa = PBXFrameworksBuildPhase;
			buildActionMask = 2147483647;
			files = (
			);
			runOnlyForDeploymentPostprocessing = 0;
		};
/* End PBXFrameworksBuildPhase section */

/* Begin PBXGroup section */
		942B90D32934C74600C5F75F /* Components */ = {
			isa = PBXGroup;
			children = (
				942B90D42934C76700C5F75F /* PrimaryButton.swift */,
				942B90DC2934D36800C5F75F /* ProgressBar.swift */,
				942B90E02934D78300C5F75F /* AnswerRow.swift */,
				94D17930293F626300D0730A /* ScoreShape.swift */,
			);
			path = Components;
			sourceTree = "<group>";
		};
		942B90D72934C7F600C5F75F /* View */ = {
			isa = PBXGroup;
			children = (
				94EFA264293A5604001D10AA /* SubView */,
				F866D10B29291F7F005299F1 /* ContentView.swift */,
				942B90DA2934D2E200C5F75F /* QuestionView.swift */,
				942B90E22934E3E400C5F75F /* TriviaView.swift */,
				943592C8293684A7009AF4C9 /* GameSelectView.swift */,
				9442177129409604004AD55B /* TimerView.swift */,
			);
			path = View;
			sourceTree = "<group>";
		};
		945D3F15293F9D36004C0CEB /* QuiftTest */ = {
			isa = PBXGroup;
			children = (
				945D3F34293FA473004C0CEB /* QuizManagerTests.swift */,
			);
			path = QuiftTest;
			sourceTree = "<group>";
		};
		94EFA264293A5604001D10AA /* SubView */ = {
			isa = PBXGroup;
			children = (
				94098E73293E149F006B56F1 /* sectionOptionsView.swift */,
				94EFA265293A561A001D10AA /* categoryView.swift */,
				94EFA267293A5D97001D10AA /* difficultyView.swift */,
				94EFA269293A5FF5001D10AA /* numberOfQuestionsView.swift */,
				94098E71293E1411006B56F1 /* headerView.swift */,
				945D3F13293F9923004C0CEB /* scoreView.swift */,
			);
			path = SubView;
			sourceTree = "<group>";
		};
		F866D0FD29291F7F005299F1 = {
			isa = PBXGroup;
			children = (
				F866D10829291F7F005299F1 /* Quift */,
				F866D10729291F7F005299F1 /* Products */,
			);
			sourceTree = "<group>";
		};
		F866D10729291F7F005299F1 /* Products */ = {
			isa = PBXGroup;
			children = (
				F866D10629291F7F005299F1 /* Quift.app */,
				945D3F1A293F9D83004C0CEB /* QuiftTests.xctest */,
				945D3F27293F9D99004C0CEB /* QuiftUITests.xctest */,
			);
			name = Products;
			sourceTree = "<group>";
		};
		F866D10829291F7F005299F1 /* Quift */ = {
			isa = PBXGroup;
			children = (
				945D3F15293F9D36004C0CEB /* QuiftTest */,
				F866D10929291F7F005299F1 /* QuiftApp.swift */,
				942B90D82934D23A00C5F75F /* Extensions.swift */,
				942B90E62934E8CD00C5F75F /* QuizManager.swift */,
				942B90D72934C7F600C5F75F /* View */,
				942B90D32934C74600C5F75F /* Components */,
				F88CF3F3292B94020095E19D /* Model */,
				F866D11C29293A80005299F1 /* Data */,
				F866D10D29291F80005299F1 /* Assets.xcassets */,
				F866D10F29291F80005299F1 /* Preview Content */,
			);
			path = Quift;
			sourceTree = "<group>";
		};
		F866D10F29291F80005299F1 /* Preview Content */ = {
			isa = PBXGroup;
			children = (
				F866D11029291F80005299F1 /* Preview Assets.xcassets */,
			);
			path = "Preview Content";
			sourceTree = "<group>";
		};
		F866D11C29293A80005299F1 /* Data */ = {
			isa = PBXGroup;
			children = (
				F866D11D29293AAC005299F1 /* QuestionData.swift */,
			);
			path = Data;
			sourceTree = "<group>";
		};
		F88CF3F3292B94020095E19D /* Model */ = {
			isa = PBXGroup;
			children = (
				942B90DE2934D50900C5F75F /* Answer.swift */,
				942B90E42934E51400C5F75F /* Quiz.swift */,
			);
			path = Model;
			sourceTree = "<group>";
		};
/* End PBXGroup section */

/* Begin PBXNativeTarget section */
		945D3F19293F9D83004C0CEB /* QuiftTests */ = {
			isa = PBXNativeTarget;
			buildConfigurationList = 945D3F20293F9D83004C0CEB /* Build configuration list for PBXNativeTarget "QuiftTests" */;
			buildPhases = (
				945D3F16293F9D83004C0CEB /* Sources */,
				945D3F17293F9D83004C0CEB /* Frameworks */,
				945D3F18293F9D83004C0CEB /* Resources */,
			);
			buildRules = (
			);
			dependencies = (
				945D3F1F293F9D83004C0CEB /* PBXTargetDependency */,
			);
			name = QuiftTests;
			productName = QuiftTests;
			productReference = 945D3F1A293F9D83004C0CEB /* QuiftTests.xctest */;
			productType = "com.apple.product-type.bundle.unit-test";
		};
		945D3F26293F9D99004C0CEB /* QuiftUITests */ = {
			isa = PBXNativeTarget;
			buildConfigurationList = 945D3F2F293F9D99004C0CEB /* Build configuration list for PBXNativeTarget "QuiftUITests" */;
			buildPhases = (
				945D3F23293F9D99004C0CEB /* Sources */,
				945D3F24293F9D99004C0CEB /* Frameworks */,
				945D3F25293F9D99004C0CEB /* Resources */,
			);
			buildRules = (
			);
			dependencies = (
				945D3F2E293F9D99004C0CEB /* PBXTargetDependency */,
			);
			name = QuiftUITests;
			productName = QuiftUITests;
			productReference = 945D3F27293F9D99004C0CEB /* QuiftUITests.xctest */;
			productType = "com.apple.product-type.bundle.ui-testing";
		};
		F866D10529291F7F005299F1 /* Quift */ = {
			isa = PBXNativeTarget;
			buildConfigurationList = F866D11429291F80005299F1 /* Build configuration list for PBXNativeTarget "Quift" */;
			buildPhases = (
				F866D10229291F7F005299F1 /* Sources */,
				F866D10329291F7F005299F1 /* Frameworks */,
				F866D10429291F7F005299F1 /* Resources */,
			);
			buildRules = (
			);
			dependencies = (
			);
			name = Quift;
			productName = Quift;
			productReference = F866D10629291F7F005299F1 /* Quift.app */;
			productType = "com.apple.product-type.application";
		};
/* End PBXNativeTarget section */

/* Begin PBXProject section */
		F866D0FE29291F7F005299F1 /* Project object */ = {
			isa = PBXProject;
			attributes = {
				BuildIndependentTargetsInParallel = 1;
				LastSwiftUpdateCheck = 1410;
				LastUpgradeCheck = 1410;
				TargetAttributes = {
					945D3F19293F9D83004C0CEB = {
						CreatedOnToolsVersion = 14.1;
						TestTargetID = F866D10529291F7F005299F1;
					};
					945D3F26293F9D99004C0CEB = {
						CreatedOnToolsVersion = 14.1;
						TestTargetID = F866D10529291F7F005299F1;
					};
					F866D10529291F7F005299F1 = {
						CreatedOnToolsVersion = 14.1;
					};
				};
			};
			buildConfigurationList = F866D10129291F7F005299F1 /* Build configuration list for PBXProject "Quift" */;
			compatibilityVersion = "Xcode 14.0";
			developmentRegion = en;
			hasScannedForEncodings = 0;
			knownRegions = (
				en,
				Base,
				ar,
			);
			mainGroup = F866D0FD29291F7F005299F1;
			productRefGroup = F866D10729291F7F005299F1 /* Products */;
			projectDirPath = "";
			projectRoot = "";
			targets = (
				F866D10529291F7F005299F1 /* Quift */,
				945D3F19293F9D83004C0CEB /* QuiftTests */,
				945D3F26293F9D99004C0CEB /* QuiftUITests */,
			);
		};
/* End PBXProject section */

/* Begin PBXResourcesBuildPhase section */
		945D3F18293F9D83004C0CEB /* Resources */ = {
			isa = PBXResourcesBuildPhase;
			buildActionMask = 2147483647;
			files = (
			);
			runOnlyForDeploymentPostprocessing = 0;
		};
		945D3F25293F9D99004C0CEB /* Resources */ = {
			isa = PBXResourcesBuildPhase;
			buildActionMask = 2147483647;
			files = (
			);
			runOnlyForDeploymentPostprocessing = 0;
		};
		F866D10429291F7F005299F1 /* Resources */ = {
			isa = PBXResourcesBuildPhase;
			buildActionMask = 2147483647;
			files = (
				F866D11129291F80005299F1 /* Preview Assets.xcassets in Resources */,
				F866D10E29291F80005299F1 /* Assets.xcassets in Resources */,
			);
			runOnlyForDeploymentPostprocessing = 0;
		};
/* End PBXResourcesBuildPhase section */

/* Begin PBXSourcesBuildPhase section */
		945D3F16293F9D83004C0CEB /* Sources */ = {
			isa = PBXSourcesBuildPhase;
			buildActionMask = 2147483647;
			files = (
				945D3F35293FA473004C0CEB /* QuizManagerTests.swift in Sources */,
			);
			runOnlyForDeploymentPostprocessing = 0;
		};
		945D3F23293F9D99004C0CEB /* Sources */ = {
			isa = PBXSourcesBuildPhase;
			buildActionMask = 2147483647;
			files = (
			);
			runOnlyForDeploymentPostprocessing = 0;
		};
		F866D10229291F7F005299F1 /* Sources */ = {
			isa = PBXSourcesBuildPhase;
			buildActionMask = 2147483647;
			files = (
				9442177229409604004AD55B /* TimerView.swift in Sources */,
				F866D10C29291F7F005299F1 /* ContentView.swift in Sources */,
				942B90D92934D23A00C5F75F /* Extensions.swift in Sources */,
				942B90E52934E51400C5F75F /* Quiz.swift in Sources */,
				F866D11E29293AAC005299F1 /* QuestionData.swift in Sources */,
				942B90DF2934D50900C5F75F /* Answer.swift in Sources */,
				942B90DB2934D2E200C5F75F /* QuestionView.swift in Sources */,
				942B90D52934C76700C5F75F /* PrimaryButton.swift in Sources */,
				942B90E32934E3E400C5F75F /* TriviaView.swift in Sources */,
				F866D10A29291F7F005299F1 /* QuiftApp.swift in Sources */,
				943592C9293684A7009AF4C9 /* GameSelectView.swift in Sources */,
				94098E72293E1411006B56F1 /* headerView.swift in Sources */,
				94EFA26A293A5FF5001D10AA /* numberOfQuestionsView.swift in Sources */,
				942B90E72934E8CD00C5F75F /* QuizManager.swift in Sources */,
				945D3F14293F9923004C0CEB /* scoreView.swift in Sources */,
				942B90DD2934D36800C5F75F /* ProgressBar.swift in Sources */,
				94D17931293F626300D0730A /* ScoreShape.swift in Sources */,
				94EFA266293A561A001D10AA /* categoryView.swift in Sources */,
				942B90E12934D78300C5F75F /* AnswerRow.swift in Sources */,
				94EFA268293A5D97001D10AA /* difficultyView.swift in Sources */,
				94098E74293E149F006B56F1 /* sectionOptionsView.swift in Sources */,
			);
			runOnlyForDeploymentPostprocessing = 0;
		};
/* End PBXSourcesBuildPhase section */

/* Begin PBXTargetDependency section */
		945D3F1F293F9D83004C0CEB /* PBXTargetDependency */ = {
			isa = PBXTargetDependency;
			target = F866D10529291F7F005299F1 /* Quift */;
			targetProxy = 945D3F1E293F9D83004C0CEB /* PBXContainerItemProxy */;
		};
		945D3F2E293F9D99004C0CEB /* PBXTargetDependency */ = {
			isa = PBXTargetDependency;
			target = F866D10529291F7F005299F1 /* Quift */;
			targetProxy = 945D3F2D293F9D99004C0CEB /* PBXContainerItemProxy */;
		};
/* End PBXTargetDependency section */

/* Begin XCBuildConfiguration section */
		945D3F21293F9D83004C0CEB /* Debug */ = {
			isa = XCBuildConfiguration;
			buildSettings = {
				BUNDLE_LOADER = "$(TEST_HOST)";
				CODE_SIGN_STYLE = Automatic;
				CURRENT_PROJECT_VERSION = 1;
				GENERATE_INFOPLIST_FILE = YES;
				IPHONEOS_DEPLOYMENT_TARGET = 16.1;
				MACOSX_DEPLOYMENT_TARGET = 12.6;
				MARKETING_VERSION = 1.0;
				PRODUCT_BUNDLE_IDENTIFIER = Winter.QuiftTests;
				PRODUCT_NAME = "$(TARGET_NAME)";
				SDKROOT = auto;
				SUPPORTED_PLATFORMS = "iphoneos iphonesimulator macosx";
				SWIFT_EMIT_LOC_STRINGS = NO;
				SWIFT_VERSION = 5.0;
				TARGETED_DEVICE_FAMILY = "1,2";
				TEST_HOST = "$(BUILT_PRODUCTS_DIR)/Quift.app/$(BUNDLE_EXECUTABLE_FOLDER_PATH)/Quift";
			};
			name = Debug;
		};
		945D3F22293F9D83004C0CEB /* Release */ = {
			isa = XCBuildConfiguration;
			buildSettings = {
				BUNDLE_LOADER = "$(TEST_HOST)";
				CODE_SIGN_STYLE = Automatic;
				CURRENT_PROJECT_VERSION = 1;
				GENERATE_INFOPLIST_FILE = YES;
				IPHONEOS_DEPLOYMENT_TARGET = 16.1;
				MACOSX_DEPLOYMENT_TARGET = 12.6;
				MARKETING_VERSION = 1.0;
				PRODUCT_BUNDLE_IDENTIFIER = Winter.QuiftTests;
				PRODUCT_NAME = "$(TARGET_NAME)";
				SDKROOT = auto;
				SUPPORTED_PLATFORMS = "iphoneos iphonesimulator macosx";
				SWIFT_EMIT_LOC_STRINGS = NO;
				SWIFT_VERSION = 5.0;
				TARGETED_DEVICE_FAMILY = "1,2";
				TEST_HOST = "$(BUILT_PRODUCTS_DIR)/Quift.app/$(BUNDLE_EXECUTABLE_FOLDER_PATH)/Quift";
			};
			name = Release;
		};
		945D3F30293F9D99004C0CEB /* Debug */ = {
			isa = XCBuildConfiguration;
			buildSettings = {
				CODE_SIGN_STYLE = Automatic;
				CURRENT_PROJECT_VERSION = 1;
				GENERATE_INFOPLIST_FILE = YES;
				MARKETING_VERSION = 1.0;
				PRODUCT_BUNDLE_IDENTIFIER = Winter.QuiftUITests;
				PRODUCT_NAME = "$(TARGET_NAME)";
				SWIFT_EMIT_LOC_STRINGS = NO;
				SWIFT_VERSION = 5.0;
				TARGETED_DEVICE_FAMILY = "1,2";
				TEST_TARGET_NAME = Quift;
			};
			name = Debug;
		};
		945D3F31293F9D99004C0CEB /* Release */ = {
			isa = XCBuildConfiguration;
			buildSettings = {
				CODE_SIGN_STYLE = Automatic;
				CURRENT_PROJECT_VERSION = 1;
				GENERATE_INFOPLIST_FILE = YES;
				MARKETING_VERSION = 1.0;
				PRODUCT_BUNDLE_IDENTIFIER = Winter.QuiftUITests;
				PRODUCT_NAME = "$(TARGET_NAME)";
				SWIFT_EMIT_LOC_STRINGS = NO;
				SWIFT_VERSION = 5.0;
				TARGETED_DEVICE_FAMILY = "1,2";
				TEST_TARGET_NAME = Quift;
			};
			name = Release;
		};
		F866D11229291F80005299F1 /* Debug */ = {
			isa = XCBuildConfiguration;
			buildSettings = {
				ALWAYS_SEARCH_USER_PATHS = NO;
				CLANG_ANALYZER_NONNULL = YES;
				CLANG_ANALYZER_NUMBER_OBJECT_CONVERSION = YES_AGGRESSIVE;
				CLANG_CXX_LANGUAGE_STANDARD = "gnu++20";
				CLANG_ENABLE_MODULES = YES;
				CLANG_ENABLE_OBJC_ARC = YES;
				CLANG_ENABLE_OBJC_WEAK = YES;
				CLANG_WARN_BLOCK_CAPTURE_AUTORELEASING = YES;
				CLANG_WARN_BOOL_CONVERSION = YES;
				CLANG_WARN_COMMA = YES;
				CLANG_WARN_CONSTANT_CONVERSION = YES;
				CLANG_WARN_DEPRECATED_OBJC_IMPLEMENTATIONS = YES;
				CLANG_WARN_DIRECT_OBJC_ISA_USAGE = YES_ERROR;
				CLANG_WARN_DOCUMENTATION_COMMENTS = YES;
				CLANG_WARN_EMPTY_BODY = YES;
				CLANG_WARN_ENUM_CONVERSION = YES;
				CLANG_WARN_INFINITE_RECURSION = YES;
				CLANG_WARN_INT_CONVERSION = YES;
				CLANG_WARN_NON_LITERAL_NULL_CONVERSION = YES;
				CLANG_WARN_OBJC_IMPLICIT_RETAIN_SELF = YES;
				CLANG_WARN_OBJC_LITERAL_CONVERSION = YES;
				CLANG_WARN_OBJC_ROOT_CLASS = YES_ERROR;
				CLANG_WARN_QUOTED_INCLUDE_IN_FRAMEWORK_HEADER = YES;
				CLANG_WARN_RANGE_LOOP_ANALYSIS = YES;
				CLANG_WARN_STRICT_PROTOTYPES = YES;
				CLANG_WARN_SUSPICIOUS_MOVE = YES;
				CLANG_WARN_UNGUARDED_AVAILABILITY = YES_AGGRESSIVE;
				CLANG_WARN_UNREACHABLE_CODE = YES;
				CLANG_WARN__DUPLICATE_METHOD_MATCH = YES;
				COPY_PHASE_STRIP = NO;
				DEBUG_INFORMATION_FORMAT = dwarf;
				ENABLE_STRICT_OBJC_MSGSEND = YES;
				ENABLE_TESTABILITY = YES;
				GCC_C_LANGUAGE_STANDARD = gnu11;
				GCC_DYNAMIC_NO_PIC = NO;
				GCC_NO_COMMON_BLOCKS = YES;
				GCC_OPTIMIZATION_LEVEL = 0;
				GCC_PREPROCESSOR_DEFINITIONS = (
					"DEBUG=1",
					"$(inherited)",
				);
				GCC_WARN_64_TO_32_BIT_CONVERSION = YES;
				GCC_WARN_ABOUT_RETURN_TYPE = YES_ERROR;
				GCC_WARN_UNDECLARED_SELECTOR = YES;
				GCC_WARN_UNINITIALIZED_AUTOS = YES_AGGRESSIVE;
				GCC_WARN_UNUSED_FUNCTION = YES;
				GCC_WARN_UNUSED_VARIABLE = YES;
				IPHONEOS_DEPLOYMENT_TARGET = 16.1;
				MTL_ENABLE_DEBUG_INFO = INCLUDE_SOURCE;
				MTL_FAST_MATH = YES;
				ONLY_ACTIVE_ARCH = YES;
				SDKROOT = iphoneos;
				SWIFT_ACTIVE_COMPILATION_CONDITIONS = DEBUG;
				SWIFT_OPTIMIZATION_LEVEL = "-Onone";
			};
			name = Debug;
		};
		F866D11329291F80005299F1 /* Release */ = {
			isa = XCBuildConfiguration;
			buildSettings = {
				ALWAYS_SEARCH_USER_PATHS = NO;
				CLANG_ANALYZER_NONNULL = YES;
				CLANG_ANALYZER_NUMBER_OBJECT_CONVERSION = YES_AGGRESSIVE;
				CLANG_CXX_LANGUAGE_STANDARD = "gnu++20";
				CLANG_ENABLE_MODULES = YES;
				CLANG_ENABLE_OBJC_ARC = YES;
				CLANG_ENABLE_OBJC_WEAK = YES;
				CLANG_WARN_BLOCK_CAPTURE_AUTORELEASING = YES;
				CLANG_WARN_BOOL_CONVERSION = YES;
				CLANG_WARN_COMMA = YES;
				CLANG_WARN_CONSTANT_CONVERSION = YES;
				CLANG_WARN_DEPRECATED_OBJC_IMPLEMENTATIONS = YES;
				CLANG_WARN_DIRECT_OBJC_ISA_USAGE = YES_ERROR;
				CLANG_WARN_DOCUMENTATION_COMMENTS = YES;
				CLANG_WARN_EMPTY_BODY = YES;
				CLANG_WARN_ENUM_CONVERSION = YES;
				CLANG_WARN_INFINITE_RECURSION = YES;
				CLANG_WARN_INT_CONVERSION = YES;
				CLANG_WARN_NON_LITERAL_NULL_CONVERSION = YES;
				CLANG_WARN_OBJC_IMPLICIT_RETAIN_SELF = YES;
				CLANG_WARN_OBJC_LITERAL_CONVERSION = YES;
				CLANG_WARN_OBJC_ROOT_CLASS = YES_ERROR;
				CLANG_WARN_QUOTED_INCLUDE_IN_FRAMEWORK_HEADER = YES;
				CLANG_WARN_RANGE_LOOP_ANALYSIS = YES;
				CLANG_WARN_STRICT_PROTOTYPES = YES;
				CLANG_WARN_SUSPICIOUS_MOVE = YES;
				CLANG_WARN_UNGUARDED_AVAILABILITY = YES_AGGRESSIVE;
				CLANG_WARN_UNREACHABLE_CODE = YES;
				CLANG_WARN__DUPLICATE_METHOD_MATCH = YES;
				COPY_PHASE_STRIP = NO;
				DEBUG_INFORMATION_FORMAT = "dwarf-with-dsym";
				ENABLE_NS_ASSERTIONS = NO;
				ENABLE_STRICT_OBJC_MSGSEND = YES;
				GCC_C_LANGUAGE_STANDARD = gnu11;
				GCC_NO_COMMON_BLOCKS = YES;
				GCC_WARN_64_TO_32_BIT_CONVERSION = YES;
				GCC_WARN_ABOUT_RETURN_TYPE = YES_ERROR;
				GCC_WARN_UNDECLARED_SELECTOR = YES;
				GCC_WARN_UNINITIALIZED_AUTOS = YES_AGGRESSIVE;
				GCC_WARN_UNUSED_FUNCTION = YES;
				GCC_WARN_UNUSED_VARIABLE = YES;
				IPHONEOS_DEPLOYMENT_TARGET = 16.1;
				MTL_ENABLE_DEBUG_INFO = NO;
				MTL_FAST_MATH = YES;
				SDKROOT = iphoneos;
				SWIFT_COMPILATION_MODE = wholemodule;
				SWIFT_OPTIMIZATION_LEVEL = "-O";
				VALIDATE_PRODUCT = YES;
			};
			name = Release;
		};
		F866D11529291F80005299F1 /* Debug */ = {
			isa = XCBuildConfiguration;
			buildSettings = {
				ASSETCATALOG_COMPILER_APPICON_NAME = AppIcon;
				ASSETCATALOG_COMPILER_GLOBAL_ACCENT_COLOR_NAME = AccentColor;
				CODE_SIGN_STYLE = Automatic;
				CURRENT_PROJECT_VERSION = 1;
				DEVELOPMENT_ASSET_PATHS = "\"Quift/Preview Content\"";
				DEVELOPMENT_TEAM = UFK736BQ86;
				ENABLE_PREVIEWS = YES;
				GENERATE_INFOPLIST_FILE = YES;
				INFOPLIST_KEY_UIApplicationSceneManifest_Generation = YES;
				INFOPLIST_KEY_UIApplicationSupportsIndirectInputEvents = YES;
				INFOPLIST_KEY_UILaunchScreen_Generation = YES;
				INFOPLIST_KEY_UISupportedInterfaceOrientations_iPad = "UIInterfaceOrientationPortrait UIInterfaceOrientationPortraitUpsideDown UIInterfaceOrientationLandscapeLeft UIInterfaceOrientationLandscapeRight";
				INFOPLIST_KEY_UISupportedInterfaceOrientations_iPhone = "UIInterfaceOrientationPortrait UIInterfaceOrientationLandscapeLeft UIInterfaceOrientationLandscapeRight";
				LD_RUNPATH_SEARCH_PATHS = (
					"$(inherited)",
					"@executable_path/Frameworks",
				);
				MARKETING_VERSION = 1.0;
				PRODUCT_BUNDLE_IDENTIFIER = Filmon.Quift;
				PRODUCT_NAME = "$(TARGET_NAME)";
				SWIFT_EMIT_LOC_STRINGS = YES;
				SWIFT_VERSION = 5.0;
				TARGETED_DEVICE_FAMILY = "1,2";
			};
			name = Debug;
		};
		F866D11629291F80005299F1 /* Release */ = {
			isa = XCBuildConfiguration;
			buildSettings = {
				ASSETCATALOG_COMPILER_APPICON_NAME = AppIcon;
				ASSETCATALOG_COMPILER_GLOBAL_ACCENT_COLOR_NAME = AccentColor;
				CODE_SIGN_STYLE = Automatic;
				CURRENT_PROJECT_VERSION = 1;
				DEVELOPMENT_ASSET_PATHS = "\"Quift/Preview Content\"";
				DEVELOPMENT_TEAM = UFK736BQ86;
				ENABLE_PREVIEWS = YES;
				GENERATE_INFOPLIST_FILE = YES;
				INFOPLIST_KEY_UIApplicationSceneManifest_Generation = YES;
				INFOPLIST_KEY_UIApplicationSupportsIndirectInputEvents = YES;
				INFOPLIST_KEY_UILaunchScreen_Generation = YES;
				INFOPLIST_KEY_UISupportedInterfaceOrientations_iPad = "UIInterfaceOrientationPortrait UIInterfaceOrientationPortraitUpsideDown UIInterfaceOrientationLandscapeLeft UIInterfaceOrientationLandscapeRight";
				INFOPLIST_KEY_UISupportedInterfaceOrientations_iPhone = "UIInterfaceOrientationPortrait UIInterfaceOrientationLandscapeLeft UIInterfaceOrientationLandscapeRight";
				LD_RUNPATH_SEARCH_PATHS = (
					"$(inherited)",
					"@executable_path/Frameworks",
				);
				MARKETING_VERSION = 1.0;
				PRODUCT_BUNDLE_IDENTIFIER = Filmon.Quift;
				PRODUCT_NAME = "$(TARGET_NAME)";
				SWIFT_EMIT_LOC_STRINGS = YES;
				SWIFT_VERSION = 5.0;
				TARGETED_DEVICE_FAMILY = "1,2";
			};
			name = Release;
		};
/* End XCBuildConfiguration section */

/* Begin XCConfigurationList section */
		945D3F20293F9D83004C0CEB /* Build configuration list for PBXNativeTarget "QuiftTests" */ = {
			isa = XCConfigurationList;
			buildConfigurations = (
				945D3F21293F9D83004C0CEB /* Debug */,
				945D3F22293F9D83004C0CEB /* Release */,
			);
			defaultConfigurationIsVisible = 0;
			defaultConfigurationName = Release;
		};
		945D3F2F293F9D99004C0CEB /* Build configuration list for PBXNativeTarget "QuiftUITests" */ = {
			isa = XCConfigurationList;
			buildConfigurations = (
				945D3F30293F9D99004C0CEB /* Debug */,
				945D3F31293F9D99004C0CEB /* Release */,
			);
			defaultConfigurationIsVisible = 0;
			defaultConfigurationName = Release;
		};
		F866D10129291F7F005299F1 /* Build configuration list for PBXProject "Quift" */ = {
			isa = XCConfigurationList;
			buildConfigurations = (
				F866D11229291F80005299F1 /* Debug */,
				F866D11329291F80005299F1 /* Release */,
			);
			defaultConfigurationIsVisible = 0;
			defaultConfigurationName = Release;
		};
		F866D11429291F80005299F1 /* Build configuration list for PBXNativeTarget "Quift" */ = {
			isa = XCConfigurationList;
			buildConfigurations = (
				F866D11529291F80005299F1 /* Debug */,
				F866D11629291F80005299F1 /* Release */,
			);
			defaultConfigurationIsVisible = 0;
			defaultConfigurationName = Release;
		};
/* End XCConfigurationList section */
	};
	rootObject = F866D0FE29291F7F005299F1 /* Project object */;
}
